
Microsoft Visual Studio Solution File, Format Version 12.00
# Visual Studio Version 16
VisualStudioVersion = 16.0.30621.155
MinimumVisualStudioVersion = 10.0.40219.1
Project("{9A19103F-16F7-4668-BE54-9A1E7A4F7556}") = "ZiblinWebb", "ZiblinWebb.csproj", "{2A635A5E-8E1B-4C1B-A785-6CBB37B0AF98}"
EndProject
Global
	GlobalSection(SolutionConfigurationPlatforms) = preSolution
		Debug|Any CPU = Debug|Any CPU
		Release|Any CPU = Release|Any CPU
	EndGlobalSection
	GlobalSection(ProjectConfigurationPlatforms) = postSolution
		{2A635A5E-8E1B-4C1B-A785-6CBB37B0AF98}.Debug|Any CPU.ActiveCfg = Debug|Any CPU
		{2A635A5E-8E1B-4C1B-A785-6CBB37B0AF98}.Debug|Any CPU.Build.0 = Debug|Any CPU
		{2A635A5E-8E1B-4C1B-A785-6CBB37B0AF98}.Release|Any CPU.ActiveCfg = Release|Any CPU
		{2A635A5E-8E1B-4C1B-A785-6CBB37B0AF98}.Release|Any CPU.Build.0 = Release|Any CPU
	EndGlobalSection
	GlobalSection(SolutionProperties) = preSolution
		HideSolutionNode = FALSE
	EndGlobalSection
	GlobalSection(ExtensibilityGlobals) = postSolution
		SolutionGuid = {FF20A742-05B5-42BB-8360-51B6CDD2AE6E}
	EndGlobalSection
EndGlobal
